// !$*UTF8*$!
{
	archiveVersion = 1;
	classes = {
	};
	objectVersion = 50;
	objects = {

/* Begin PBXBuildFile section */
		622DC2E22117050E00CA5D2C /* Raleway-Light.ttf in Resources */ = {isa = PBXBuildFile; fileRef = 622DC2D02117050C00CA5D2C /* Raleway-Light.ttf */; };
		622DC2E32117050E00CA5D2C /* Raleway-Regular.ttf in Resources */ = {isa = PBXBuildFile; fileRef = 622DC2D12117050C00CA5D2C /* Raleway-Regular.ttf */; };
		622DC2E42117050E00CA5D2C /* Raleway-Medium.ttf in Resources */ = {isa = PBXBuildFile; fileRef = 622DC2D22117050D00CA5D2C /* Raleway-Medium.ttf */; };
		622DC2E52117050E00CA5D2C /* Raleway-Black.ttf in Resources */ = {isa = PBXBuildFile; fileRef = 622DC2D32117050D00CA5D2C /* Raleway-Black.ttf */; };
		622DC2E62117050E00CA5D2C /* Raleway-SemiBold.ttf in Resources */ = {isa = PBXBuildFile; fileRef = 622DC2D42117050D00CA5D2C /* Raleway-SemiBold.ttf */; };
		622DC2E72117050E00CA5D2C /* Raleway-BlackItalic.ttf in Resources */ = {isa = PBXBuildFile; fileRef = 622DC2D52117050D00CA5D2C /* Raleway-BlackItalic.ttf */; };
		622DC2E82117050E00CA5D2C /* Raleway-Italic.ttf in Resources */ = {isa = PBXBuildFile; fileRef = 622DC2D62117050D00CA5D2C /* Raleway-Italic.ttf */; };
		622DC2E92117050E00CA5D2C /* Raleway-MediumItalic.ttf in Resources */ = {isa = PBXBuildFile; fileRef = 622DC2D72117050D00CA5D2C /* Raleway-MediumItalic.ttf */; };
		622DC2EA2117050E00CA5D2C /* Raleway-BoldItalic.ttf in Resources */ = {isa = PBXBuildFile; fileRef = 622DC2D82117050D00CA5D2C /* Raleway-BoldItalic.ttf */; };
		622DC2EB2117050E00CA5D2C /* Raleway-ExtraLight.ttf in Resources */ = {isa = PBXBuildFile; fileRef = 622DC2D92117050D00CA5D2C /* Raleway-ExtraLight.ttf */; };
		622DC2EC2117050E00CA5D2C /* Raleway-ExtraLightItalic.ttf in Resources */ = {isa = PBXBuildFile; fileRef = 622DC2DA2117050D00CA5D2C /* Raleway-ExtraLightItalic.ttf */; };
		622DC2ED2117050E00CA5D2C /* Raleway-Thin.ttf in Resources */ = {isa = PBXBuildFile; fileRef = 622DC2DB2117050D00CA5D2C /* Raleway-Thin.ttf */; };
		622DC2EE2117050E00CA5D2C /* Raleway-ExtraBoldItalic.ttf in Resources */ = {isa = PBXBuildFile; fileRef = 622DC2DC2117050E00CA5D2C /* Raleway-ExtraBoldItalic.ttf */; };
		622DC2EF2117050E00CA5D2C /* Raleway-LightItalic.ttf in Resources */ = {isa = PBXBuildFile; fileRef = 622DC2DD2117050E00CA5D2C /* Raleway-LightItalic.ttf */; };
		622DC2F02117050E00CA5D2C /* Raleway-ExtraBold.ttf in Resources */ = {isa = PBXBuildFile; fileRef = 622DC2DE2117050E00CA5D2C /* Raleway-ExtraBold.ttf */; };
		622DC2F12117050E00CA5D2C /* Raleway-ThinItalic.ttf in Resources */ = {isa = PBXBuildFile; fileRef = 622DC2DF2117050E00CA5D2C /* Raleway-ThinItalic.ttf */; };
		622DC2F22117050E00CA5D2C /* Raleway-SemiBoldItalic.ttf in Resources */ = {isa = PBXBuildFile; fileRef = 622DC2E02117050E00CA5D2C /* Raleway-SemiBoldItalic.ttf */; };
		622DC2F32117050E00CA5D2C /* Raleway-Bold.ttf in Resources */ = {isa = PBXBuildFile; fileRef = 622DC2E12117050E00CA5D2C /* Raleway-Bold.ttf */; };
		622DC2F82117289900CA5D2C /* Prihlasenie.swift in Sources */ = {isa = PBXBuildFile; fileRef = 622DC2F72117289900CA5D2C /* Prihlasenie.swift */; };
		622DC2FA211728A600CA5D2C /* Registracia.swift in Sources */ = {isa = PBXBuildFile; fileRef = 622DC2F9211728A600CA5D2C /* Registracia.swift */; };
		622DC2FC2117291800CA5D2C /* Autentifikacia.swift in Sources */ = {isa = PBXBuildFile; fileRef = 622DC2FB2117291800CA5D2C /* Autentifikacia.swift */; };
		62621815211AFA5200AA53F8 /* ZoznamUdalosti.swift in Sources */ = {isa = PBXBuildFile; fileRef = 62621814211AFA5200AA53F8 /* ZoznamUdalosti.swift */; };
		62621818211B004400AA53F8 /* UvodnaObrazovka.swift in Sources */ = {isa = PBXBuildFile; fileRef = 62621817211B004400AA53F8 /* UvodnaObrazovka.swift */; };
		6262181C211B402000AA53F8 /* UvodnaObrazovkaImplementacia.swift in Sources */ = {isa = PBXBuildFile; fileRef = 6262181B211B402000AA53F8 /* UvodnaObrazovkaImplementacia.swift */; };
		6262181E211B402C00AA53F8 /* UvodnaObrazovkaUdaje.swift in Sources */ = {isa = PBXBuildFile; fileRef = 6262181D211B402C00AA53F8 /* UvodnaObrazovkaUdaje.swift */; };
		62621825211B6F5C00AA53F8 /* TokenUdaje.swift in Sources */ = {isa = PBXBuildFile; fileRef = 62621824211B6F5C00AA53F8 /* TokenUdaje.swift */; };
		62621827211B6F7900AA53F8 /* TokenImplementacia.swift in Sources */ = {isa = PBXBuildFile; fileRef = 62621826211B6F7900AA53F8 /* TokenImplementacia.swift */; };
		62621829211B723D00AA53F8 /* UdalostiImplementacia.swift in Sources */ = {isa = PBXBuildFile; fileRef = 62621828211B723D00AA53F8 /* UdalostiImplementacia.swift */; };
		6262182B211B724800AA53F8 /* UdalostiUdaje.swift in Sources */ = {isa = PBXBuildFile; fileRef = 6262182A211B724800AA53F8 /* UdalostiUdaje.swift */; };
		62C670922119C0E700A4B4B7 /* OnboardingView.swift in Sources */ = {isa = PBXBuildFile; fileRef = 62C670912119C0E700A4B4B7 /* OnboardingView.swift */; };
		62C670942119C48F00A4B4B7 /* RychlaUkazkaAplikacie.swift in Sources */ = {isa = PBXBuildFile; fileRef = 62C670932119C48F00A4B4B7 /* RychlaUkazkaAplikacie.swift */; };
		62C670962119E87C00A4B4B7 /* SQLiteDatabaza.swift in Sources */ = {isa = PBXBuildFile; fileRef = 62C670952119E87C00A4B4B7 /* SQLiteDatabaza.swift */; };
		62C670982119EA8800A4B4B7 /* SQLiteTabulka.swift in Sources */ = {isa = PBXBuildFile; fileRef = 62C670972119EA8800A4B4B7 /* SQLiteTabulka.swift */; };
		62D140392115E73A005FDB11 /* AppDelegate.swift in Sources */ = {isa = PBXBuildFile; fileRef = 62D140382115E73A005FDB11 /* AppDelegate.swift */; };
		62D1403E2115E73A005FDB11 /* Udalosti.storyboard in Resources */ = {isa = PBXBuildFile; fileRef = 62D1403C2115E73A005FDB11 /* Udalosti.storyboard */; };
		62D140402115E73C005FDB11 /* Assets.xcassets in Resources */ = {isa = PBXBuildFile; fileRef = 62D1403F2115E73C005FDB11 /* Assets.xcassets */; };
		62D140432115E73C005FDB11 /* LaunchScreen.storyboard in Resources */ = {isa = PBXBuildFile; fileRef = 62D140412115E73C005FDB11 /* LaunchScreen.storyboard */; };
		62D1404E2115E73C005FDB11 /* UdalostiTests.swift in Sources */ = {isa = PBXBuildFile; fileRef = 62D1404D2115E73C005FDB11 /* UdalostiTests.swift */; };
		62D140592115E73C005FDB11 /* UdalostiUITests.swift in Sources */ = {isa = PBXBuildFile; fileRef = 62D140582115E73C005FDB11 /* UdalostiUITests.swift */; };
		62D66A502118A989000D8050 /* AutentifikaciaImplementacia.swift in Sources */ = {isa = PBXBuildFile; fileRef = 62D66A4F2118A989000D8050 /* AutentifikaciaImplementacia.swift */; };
		62D66A522118A994000D8050 /* AutentifikaciaUdaje.swift in Sources */ = {isa = PBXBuildFile; fileRef = 62D66A512118A994000D8050 /* AutentifikaciaUdaje.swift */; };
		62D66A542118AD8C000D8050 /* KommunikaciaOdpoved.swift in Sources */ = {isa = PBXBuildFile; fileRef = 62D66A532118AD8C000D8050 /* KommunikaciaOdpoved.swift */; };
		62D66A562118B36B000D8050 /* Nastavenia.swift in Sources */ = {isa = PBXBuildFile; fileRef = 62D66A552118B36B000D8050 /* Nastavenia.swift */; };
		62D66A5B2118D142000D8050 /* KommunikaciaData.swift in Sources */ = {isa = PBXBuildFile; fileRef = 62D66A5A2118D142000D8050 /* KommunikaciaData.swift */; };
		62D66A612118E13C000D8050 /* Pripojenie.swift in Sources */ = {isa = PBXBuildFile; fileRef = 62D66A602118E13C000D8050 /* Pripojenie.swift */; };
		69F67C7F51073ABB12346CE7 /* Pods_Udalosti.framework in Frameworks */ = {isa = PBXBuildFile; fileRef = B27C5435CD81D5168B86202E /* Pods_Udalosti.framework */; };
/* End PBXBuildFile section */

/* Begin PBXContainerItemProxy section */
		62D1404A2115E73C005FDB11 /* PBXContainerItemProxy */ = {
			isa = PBXContainerItemProxy;
			containerPortal = 62D1402D2115E73A005FDB11 /* Project object */;
			proxyType = 1;
			remoteGlobalIDString = 62D140342115E73A005FDB11;
			remoteInfo = Udalosti;
		};
		62D140552115E73C005FDB11 /* PBXContainerItemProxy */ = {
			isa = PBXContainerItemProxy;
			containerPortal = 62D1402D2115E73A005FDB11 /* Project object */;
			proxyType = 1;
			remoteGlobalIDString = 62D140342115E73A005FDB11;
			remoteInfo = Udalosti;
		};
/* End PBXContainerItemProxy section */

/* Begin PBXFileReference section */
		416385FA724AF0FEAB83F586 /* Pods-Udalosti.debug.xcconfig */ = {isa = PBXFileReference; includeInIndex = 1; lastKnownFileType = text.xcconfig; name = "Pods-Udalosti.debug.xcconfig"; path = "Pods/Target Support Files/Pods-Udalosti/Pods-Udalosti.debug.xcconfig"; sourceTree = "<group>"; };
		622DC2D02117050C00CA5D2C /* Raleway-Light.ttf */ = {isa = PBXFileReference; lastKnownFileType = file; path = "Raleway-Light.ttf"; sourceTree = "<group>"; };
		622DC2D12117050C00CA5D2C /* Raleway-Regular.ttf */ = {isa = PBXFileReference; lastKnownFileType = file; path = "Raleway-Regular.ttf"; sourceTree = "<group>"; };
		622DC2D22117050D00CA5D2C /* Raleway-Medium.ttf */ = {isa = PBXFileReference; lastKnownFileType = file; path = "Raleway-Medium.ttf"; sourceTree = "<group>"; };
		622DC2D32117050D00CA5D2C /* Raleway-Black.ttf */ = {isa = PBXFileReference; lastKnownFileType = file; path = "Raleway-Black.ttf"; sourceTree = "<group>"; };
		622DC2D42117050D00CA5D2C /* Raleway-SemiBold.ttf */ = {isa = PBXFileReference; lastKnownFileType = file; path = "Raleway-SemiBold.ttf"; sourceTree = "<group>"; };
		622DC2D52117050D00CA5D2C /* Raleway-BlackItalic.ttf */ = {isa = PBXFileReference; lastKnownFileType = file; path = "Raleway-BlackItalic.ttf"; sourceTree = "<group>"; };
		622DC2D62117050D00CA5D2C /* Raleway-Italic.ttf */ = {isa = PBXFileReference; lastKnownFileType = file; path = "Raleway-Italic.ttf"; sourceTree = "<group>"; };
		622DC2D72117050D00CA5D2C /* Raleway-MediumItalic.ttf */ = {isa = PBXFileReference; lastKnownFileType = file; path = "Raleway-MediumItalic.ttf"; sourceTree = "<group>"; };
		622DC2D82117050D00CA5D2C /* Raleway-BoldItalic.ttf */ = {isa = PBXFileReference; lastKnownFileType = file; path = "Raleway-BoldItalic.ttf"; sourceTree = "<group>"; };
		622DC2D92117050D00CA5D2C /* Raleway-ExtraLight.ttf */ = {isa = PBXFileReference; lastKnownFileType = file; path = "Raleway-ExtraLight.ttf"; sourceTree = "<group>"; };
		622DC2DA2117050D00CA5D2C /* Raleway-ExtraLightItalic.ttf */ = {isa = PBXFileReference; lastKnownFileType = file; path = "Raleway-ExtraLightItalic.ttf"; sourceTree = "<group>"; };
		622DC2DB2117050D00CA5D2C /* Raleway-Thin.ttf */ = {isa = PBXFileReference; lastKnownFileType = file; path = "Raleway-Thin.ttf"; sourceTree = "<group>"; };
		622DC2DC2117050E00CA5D2C /* Raleway-ExtraBoldItalic.ttf */ = {isa = PBXFileReference; lastKnownFileType = file; path = "Raleway-ExtraBoldItalic.ttf"; sourceTree = "<group>"; };
		622DC2DD2117050E00CA5D2C /* Raleway-LightItalic.ttf */ = {isa = PBXFileReference; lastKnownFileType = file; path = "Raleway-LightItalic.ttf"; sourceTree = "<group>"; };
		622DC2DE2117050E00CA5D2C /* Raleway-ExtraBold.ttf */ = {isa = PBXFileReference; lastKnownFileType = file; path = "Raleway-ExtraBold.ttf"; sourceTree = "<group>"; };
		622DC2DF2117050E00CA5D2C /* Raleway-ThinItalic.ttf */ = {isa = PBXFileReference; lastKnownFileType = file; path = "Raleway-ThinItalic.ttf"; sourceTree = "<group>"; };
		622DC2E02117050E00CA5D2C /* Raleway-SemiBoldItalic.ttf */ = {isa = PBXFileReference; lastKnownFileType = file; path = "Raleway-SemiBoldItalic.ttf"; sourceTree = "<group>"; };
		622DC2E12117050E00CA5D2C /* Raleway-Bold.ttf */ = {isa = PBXFileReference; lastKnownFileType = file; path = "Raleway-Bold.ttf"; sourceTree = "<group>"; };
		622DC2F72117289900CA5D2C /* Prihlasenie.swift */ = {isa = PBXFileReference; lastKnownFileType = sourcecode.swift; path = Prihlasenie.swift; sourceTree = "<group>"; };
		622DC2F9211728A600CA5D2C /* Registracia.swift */ = {isa = PBXFileReference; lastKnownFileType = sourcecode.swift; path = Registracia.swift; sourceTree = "<group>"; };
		622DC2FB2117291800CA5D2C /* Autentifikacia.swift */ = {isa = PBXFileReference; lastKnownFileType = sourcecode.swift; path = Autentifikacia.swift; sourceTree = "<group>"; };
		62621814211AFA5200AA53F8 /* ZoznamUdalosti.swift */ = {isa = PBXFileReference; lastKnownFileType = sourcecode.swift; path = ZoznamUdalosti.swift; sourceTree = "<group>"; };
		62621817211B004400AA53F8 /* UvodnaObrazovka.swift */ = {isa = PBXFileReference; lastKnownFileType = sourcecode.swift; path = UvodnaObrazovka.swift; sourceTree = "<group>"; };
		6262181B211B402000AA53F8 /* UvodnaObrazovkaImplementacia.swift */ = {isa = PBXFileReference; lastKnownFileType = sourcecode.swift; path = UvodnaObrazovkaImplementacia.swift; sourceTree = "<group>"; };
		6262181D211B402C00AA53F8 /* UvodnaObrazovkaUdaje.swift */ = {isa = PBXFileReference; lastKnownFileType = sourcecode.swift; path = UvodnaObrazovkaUdaje.swift; sourceTree = "<group>"; };
		62621824211B6F5C00AA53F8 /* TokenUdaje.swift */ = {isa = PBXFileReference; lastKnownFileType = sourcecode.swift; path = TokenUdaje.swift; sourceTree = "<group>"; };
		62621826211B6F7900AA53F8 /* TokenImplementacia.swift */ = {isa = PBXFileReference; lastKnownFileType = sourcecode.swift; path = TokenImplementacia.swift; sourceTree = "<group>"; };
		62621828211B723D00AA53F8 /* UdalostiImplementacia.swift */ = {isa = PBXFileReference; lastKnownFileType = sourcecode.swift; path = UdalostiImplementacia.swift; sourceTree = "<group>"; };
		6262182A211B724800AA53F8 /* UdalostiUdaje.swift */ = {isa = PBXFileReference; lastKnownFileType = sourcecode.swift; path = UdalostiUdaje.swift; sourceTree = "<group>"; };
		62C670912119C0E700A4B4B7 /* OnboardingView.swift */ = {isa = PBXFileReference; lastKnownFileType = sourcecode.swift; path = OnboardingView.swift; sourceTree = "<group>"; };
		62C670932119C48F00A4B4B7 /* RychlaUkazkaAplikacie.swift */ = {isa = PBXFileReference; lastKnownFileType = sourcecode.swift; path = RychlaUkazkaAplikacie.swift; sourceTree = "<group>"; };
		62C670952119E87C00A4B4B7 /* SQLiteDatabaza.swift */ = {isa = PBXFileReference; lastKnownFileType = sourcecode.swift; path = SQLiteDatabaza.swift; sourceTree = "<group>"; };
		62C670972119EA8800A4B4B7 /* SQLiteTabulka.swift */ = {isa = PBXFileReference; lastKnownFileType = sourcecode.swift; path = SQLiteTabulka.swift; sourceTree = "<group>"; };
		62D140352115E73A005FDB11 /* Udalosti.app */ = {isa = PBXFileReference; explicitFileType = wrapper.application; includeInIndex = 0; path = Udalosti.app; sourceTree = BUILT_PRODUCTS_DIR; };
		62D140382115E73A005FDB11 /* AppDelegate.swift */ = {isa = PBXFileReference; lastKnownFileType = sourcecode.swift; path = AppDelegate.swift; sourceTree = "<group>"; };
		62D1403D2115E73A005FDB11 /* Base */ = {isa = PBXFileReference; lastKnownFileType = file.storyboard; name = Base; path = Base.lproj/Udalosti.storyboard; sourceTree = "<group>"; };
		62D1403F2115E73C005FDB11 /* Assets.xcassets */ = {isa = PBXFileReference; lastKnownFileType = folder.assetcatalog; path = Assets.xcassets; sourceTree = "<group>"; };
		62D140422115E73C005FDB11 /* Base */ = {isa = PBXFileReference; lastKnownFileType = file.storyboard; name = Base; path = Base.lproj/LaunchScreen.storyboard; sourceTree = "<group>"; };
		62D140442115E73C005FDB11 /* Info.plist */ = {isa = PBXFileReference; lastKnownFileType = text.plist.xml; path = Info.plist; sourceTree = "<group>"; };
		62D140492115E73C005FDB11 /* UdalostiTests.xctest */ = {isa = PBXFileReference; explicitFileType = wrapper.cfbundle; includeInIndex = 0; path = UdalostiTests.xctest; sourceTree = BUILT_PRODUCTS_DIR; };
		62D1404D2115E73C005FDB11 /* UdalostiTests.swift */ = {isa = PBXFileReference; lastKnownFileType = sourcecode.swift; path = UdalostiTests.swift; sourceTree = "<group>"; };
		62D1404F2115E73C005FDB11 /* Info.plist */ = {isa = PBXFileReference; lastKnownFileType = text.plist.xml; path = Info.plist; sourceTree = "<group>"; };
		62D140542115E73C005FDB11 /* UdalostiUITests.xctest */ = {isa = PBXFileReference; explicitFileType = wrapper.cfbundle; includeInIndex = 0; path = UdalostiUITests.xctest; sourceTree = BUILT_PRODUCTS_DIR; };
		62D140582115E73C005FDB11 /* UdalostiUITests.swift */ = {isa = PBXFileReference; lastKnownFileType = sourcecode.swift; path = UdalostiUITests.swift; sourceTree = "<group>"; };
		62D1405A2115E73C005FDB11 /* Info.plist */ = {isa = PBXFileReference; lastKnownFileType = text.plist.xml; path = Info.plist; sourceTree = "<group>"; };
		62D66A4F2118A989000D8050 /* AutentifikaciaImplementacia.swift */ = {isa = PBXFileReference; lastKnownFileType = sourcecode.swift; path = AutentifikaciaImplementacia.swift; sourceTree = "<group>"; };
		62D66A512118A994000D8050 /* AutentifikaciaUdaje.swift */ = {isa = PBXFileReference; lastKnownFileType = sourcecode.swift; path = AutentifikaciaUdaje.swift; sourceTree = "<group>"; };
		62D66A532118AD8C000D8050 /* KommunikaciaOdpoved.swift */ = {isa = PBXFileReference; lastKnownFileType = sourcecode.swift; path = KommunikaciaOdpoved.swift; sourceTree = "<group>"; };
		62D66A552118B36B000D8050 /* Nastavenia.swift */ = {isa = PBXFileReference; lastKnownFileType = sourcecode.swift; path = Nastavenia.swift; sourceTree = "<group>"; };
		62D66A5A2118D142000D8050 /* KommunikaciaData.swift */ = {isa = PBXFileReference; lastKnownFileType = sourcecode.swift; path = KommunikaciaData.swift; sourceTree = "<group>"; };
		62D66A602118E13C000D8050 /* Pripojenie.swift */ = {isa = PBXFileReference; lastKnownFileType = sourcecode.swift; path = Pripojenie.swift; sourceTree = "<group>"; };
		729B08D1D5D784632F486C3E /* Pods-Udalosti.release.xcconfig */ = {isa = PBXFileReference; includeInIndex = 1; lastKnownFileType = text.xcconfig; name = "Pods-Udalosti.release.xcconfig"; path = "Pods/Target Support Files/Pods-Udalosti/Pods-Udalosti.release.xcconfig"; sourceTree = "<group>"; };
		B27C5435CD81D5168B86202E /* Pods_Udalosti.framework */ = {isa = PBXFileReference; explicitFileType = wrapper.framework; includeInIndex = 0; path = Pods_Udalosti.framework; sourceTree = BUILT_PRODUCTS_DIR; };
/* End PBXFileReference section */

/* Begin PBXFrameworksBuildPhase section */
		62D140322115E73A005FDB11 /* Frameworks */ = {
			isa = PBXFrameworksBuildPhase;
			buildActionMask = 2147483647;
			files = (
				69F67C7F51073ABB12346CE7 /* Pods_Udalosti.framework in Frameworks */,
			);
			runOnlyForDeploymentPostprocessing = 0;
		};
		62D140462115E73C005FDB11 /* Frameworks */ = {
			isa = PBXFrameworksBuildPhase;
			buildActionMask = 2147483647;
			files = (
			);
			runOnlyForDeploymentPostprocessing = 0;
		};
		62D140512115E73C005FDB11 /* Frameworks */ = {
			isa = PBXFrameworksBuildPhase;
			buildActionMask = 2147483647;
			files = (
			);
			runOnlyForDeploymentPostprocessing = 0;
		};
/* End PBXFrameworksBuildPhase section */

/* Begin PBXGroup section */
		622DC2F62117283500CA5D2C /* Autentifikacia */ = {
			isa = PBXGroup;
			children = (
				62D66A4E2118A964000D8050 /* Data */,
				62D66A4D2118A956000D8050 /* UI */,
			);
			path = Autentifikacia;
			sourceTree = "<group>";
		};
		622DC2FD21172EEA00CA5D2C /* ZoznamUdalosti */ = {
			isa = PBXGroup;
			children = (
				62621813211AFA4200AA53F8 /* Data */,
				62621812211AFA3900AA53F8 /* UI */,
			);
			path = ZoznamUdalosti;
			sourceTree = "<group>";
		};
		62621812211AFA3900AA53F8 /* UI */ = {
			isa = PBXGroup;
			children = (
				62621814211AFA5200AA53F8 /* ZoznamUdalosti.swift */,
			);
			path = UI;
			sourceTree = "<group>";
		};
		62621813211AFA4200AA53F8 /* Data */ = {
			isa = PBXGroup;
			children = (
				62621828211B723D00AA53F8 /* UdalostiImplementacia.swift */,
				6262182A211B724800AA53F8 /* UdalostiUdaje.swift */,
			);
			path = Data;
			sourceTree = "<group>";
		};
		62621816211B002200AA53F8 /* UvodnaObrazok */ = {
			isa = PBXGroup;
			children = (
				6262181A211B3FD200AA53F8 /* Data */,
				62621819211B3FCB00AA53F8 /* UI */,
			);
			path = UvodnaObrazok;
			sourceTree = "<group>";
		};
		62621819211B3FCB00AA53F8 /* UI */ = {
			isa = PBXGroup;
			children = (
				62621817211B004400AA53F8 /* UvodnaObrazovka.swift */,
			);
			path = UI;
			sourceTree = "<group>";
		};
		6262181A211B3FD200AA53F8 /* Data */ = {
			isa = PBXGroup;
			children = (
				6262181B211B402000AA53F8 /* UvodnaObrazovkaImplementacia.swift */,
				6262181D211B402C00AA53F8 /* UvodnaObrazovkaUdaje.swift */,
			);
			path = Data;
			sourceTree = "<group>";
		};
		62621823211B6F1F00AA53F8 /* Token */ = {
			isa = PBXGroup;
			children = (
				62621824211B6F5C00AA53F8 /* TokenUdaje.swift */,
				62621826211B6F7900AA53F8 /* TokenImplementacia.swift */,
			);
			path = Token;
			sourceTree = "<group>";
		};
		62C670902119C08500A4B4B7 /* RychlaUkazkaAplikacie */ = {
			isa = PBXGroup;
			children = (
				62C670912119C0E700A4B4B7 /* OnboardingView.swift */,
				62C670932119C48F00A4B4B7 /* RychlaUkazkaAplikacie.swift */,
			);
			path = RychlaUkazkaAplikacie;
			sourceTree = "<group>";
		};
		62D1402C2115E73A005FDB11 = {
			isa = PBXGroup;
			children = (
				62D140372115E73A005FDB11 /* Udalosti */,
				62D140662115EA65005FDB11 /* fonts */,
				62D1404C2115E73C005FDB11 /* UdalostiTests */,
				62D140572115E73C005FDB11 /* UdalostiUITests */,
				62D140362115E73A005FDB11 /* Products */,
				A22DBBE51F7D4CC6C4FF592E /* Pods */,
				681F9A87EDA6D2DA52BC1F8B /* Frameworks */,
			);
			sourceTree = "<group>";
		};
		62D140362115E73A005FDB11 /* Products */ = {
			isa = PBXGroup;
			children = (
				62D140352115E73A005FDB11 /* Udalosti.app */,
				62D140492115E73C005FDB11 /* UdalostiTests.xctest */,
				62D140542115E73C005FDB11 /* UdalostiUITests.xctest */,
			);
			name = Products;
			sourceTree = "<group>";
		};
		62D140372115E73A005FDB11 /* Udalosti */ = {
			isa = PBXGroup;
			children = (
				62D140382115E73A005FDB11 /* AppDelegate.swift */,
				62621816211B002200AA53F8 /* UvodnaObrazok */,
				62C670902119C08500A4B4B7 /* RychlaUkazkaAplikacie */,
				622DC2F62117283500CA5D2C /* Autentifikacia */,
				622DC2FD21172EEA00CA5D2C /* ZoznamUdalosti */,
				62D66A572118D0CA000D8050 /* Udaje */,
				62D66A5D2118D7F6000D8050 /* Nastroje */,
				62621823211B6F1F00AA53F8 /* Token */,
				62D1403C2115E73A005FDB11 /* Udalosti.storyboard */,
				62D140412115E73C005FDB11 /* LaunchScreen.storyboard */,
				62D140442115E73C005FDB11 /* Info.plist */,
				62D1403F2115E73C005FDB11 /* Assets.xcassets */,
			);
			path = Udalosti;
			sourceTree = "<group>";
		};
		62D1404C2115E73C005FDB11 /* UdalostiTests */ = {
			isa = PBXGroup;
			children = (
				62D1404D2115E73C005FDB11 /* UdalostiTests.swift */,
				62D1404F2115E73C005FDB11 /* Info.plist */,
			);
			path = UdalostiTests;
			sourceTree = "<group>";
		};
		62D140572115E73C005FDB11 /* UdalostiUITests */ = {
			isa = PBXGroup;
			children = (
				62D140582115E73C005FDB11 /* UdalostiUITests.swift */,
				62D1405A2115E73C005FDB11 /* Info.plist */,
			);
			path = UdalostiUITests;
			sourceTree = "<group>";
		};
		62D140662115EA65005FDB11 /* fonts */ = {
			isa = PBXGroup;
			children = (
				622DC2D32117050D00CA5D2C /* Raleway-Black.ttf */,
				622DC2D52117050D00CA5D2C /* Raleway-BlackItalic.ttf */,
				622DC2E12117050E00CA5D2C /* Raleway-Bold.ttf */,
				622DC2D82117050D00CA5D2C /* Raleway-BoldItalic.ttf */,
				622DC2DE2117050E00CA5D2C /* Raleway-ExtraBold.ttf */,
				622DC2DC2117050E00CA5D2C /* Raleway-ExtraBoldItalic.ttf */,
				622DC2D92117050D00CA5D2C /* Raleway-ExtraLight.ttf */,
				622DC2DA2117050D00CA5D2C /* Raleway-ExtraLightItalic.ttf */,
				622DC2D62117050D00CA5D2C /* Raleway-Italic.ttf */,
				622DC2D02117050C00CA5D2C /* Raleway-Light.ttf */,
				622DC2DD2117050E00CA5D2C /* Raleway-LightItalic.ttf */,
				622DC2D22117050D00CA5D2C /* Raleway-Medium.ttf */,
				622DC2D72117050D00CA5D2C /* Raleway-MediumItalic.ttf */,
				622DC2D12117050C00CA5D2C /* Raleway-Regular.ttf */,
				622DC2D42117050D00CA5D2C /* Raleway-SemiBold.ttf */,
				622DC2E02117050E00CA5D2C /* Raleway-SemiBoldItalic.ttf */,
				622DC2DB2117050D00CA5D2C /* Raleway-Thin.ttf */,
				622DC2DF2117050E00CA5D2C /* Raleway-ThinItalic.ttf */,
			);
			path = fonts;
			sourceTree = "<group>";
		};
		62D66A4D2118A956000D8050 /* UI */ = {
			isa = PBXGroup;
			children = (
				622DC2FB2117291800CA5D2C /* Autentifikacia.swift */,
				622DC2F72117289900CA5D2C /* Prihlasenie.swift */,
				622DC2F9211728A600CA5D2C /* Registracia.swift */,
			);
			path = UI;
			sourceTree = "<group>";
		};
		62D66A4E2118A964000D8050 /* Data */ = {
			isa = PBXGroup;
			children = (
				62D66A4F2118A989000D8050 /* AutentifikaciaImplementacia.swift */,
				62D66A512118A994000D8050 /* AutentifikaciaUdaje.swift */,
			);
			path = Data;
			sourceTree = "<group>";
		};
		62D66A572118D0CA000D8050 /* Udaje */ = {
			isa = PBXGroup;
			children = (
				62D66A582118D0DA000D8050 /* Databaza */,
				62D66A592118D0E5000D8050 /* Siet */,
				62D66A5C2118D1D8000D8050 /* Nastavenia */,
			);
			path = Udaje;
			sourceTree = "<group>";
		};
		62D66A582118D0DA000D8050 /* Databaza */ = {
			isa = PBXGroup;
			children = (
				62C670952119E87C00A4B4B7 /* SQLiteDatabaza.swift */,
				62C670972119EA8800A4B4B7 /* SQLiteTabulka.swift */,
			);
			path = Databaza;
			sourceTree = "<group>";
		};
		62D66A592118D0E5000D8050 /* Siet */ = {
			isa = PBXGroup;
			children = (
				62D66A532118AD8C000D8050 /* KommunikaciaOdpoved.swift */,
				62D66A5A2118D142000D8050 /* KommunikaciaData.swift */,
			);
			path = Siet;
			sourceTree = "<group>";
		};
		62D66A5C2118D1D8000D8050 /* Nastavenia */ = {
			isa = PBXGroup;
			children = (
				62D66A552118B36B000D8050 /* Nastavenia.swift */,
			);
			path = Nastavenia;
			sourceTree = "<group>";
		};
		62D66A5D2118D7F6000D8050 /* Nastroje */ = {
			isa = PBXGroup;
			children = (
				62D66A602118E13C000D8050 /* Pripojenie.swift */,
			);
			path = Nastroje;
			sourceTree = "<group>";
		};
		681F9A87EDA6D2DA52BC1F8B /* Frameworks */ = {
			isa = PBXGroup;
			children = (
				B27C5435CD81D5168B86202E /* Pods_Udalosti.framework */,
			);
			name = Frameworks;
			sourceTree = "<group>";
		};
		A22DBBE51F7D4CC6C4FF592E /* Pods */ = {
			isa = PBXGroup;
			children = (
				416385FA724AF0FEAB83F586 /* Pods-Udalosti.debug.xcconfig */,
				729B08D1D5D784632F486C3E /* Pods-Udalosti.release.xcconfig */,
			);
			name = Pods;
			sourceTree = "<group>";
		};
/* End PBXGroup section */

/* Begin PBXNativeTarget section */
		62D140342115E73A005FDB11 /* Udalosti */ = {
			isa = PBXNativeTarget;
			buildConfigurationList = 62D1405D2115E73C005FDB11 /* Build configuration list for PBXNativeTarget "Udalosti" */;
			buildPhases = (
				6AB1C5BA0F4B5D71F01340E8 /* [CP] Check Pods Manifest.lock */,
				62D140312115E73A005FDB11 /* Sources */,
				62D140322115E73A005FDB11 /* Frameworks */,
				62D140332115E73A005FDB11 /* Resources */,
				774D4CEC8293C75D6B92956C /* [CP] Embed Pods Frameworks */,
			);
			buildRules = (
			);
			dependencies = (
			);
			name = Udalosti;
			productName = Udalosti;
			productReference = 62D140352115E73A005FDB11 /* Udalosti.app */;
			productType = "com.apple.product-type.application";
		};
		62D140482115E73C005FDB11 /* UdalostiTests */ = {
			isa = PBXNativeTarget;
			buildConfigurationList = 62D140602115E73C005FDB11 /* Build configuration list for PBXNativeTarget "UdalostiTests" */;
			buildPhases = (
				62D140452115E73C005FDB11 /* Sources */,
				62D140462115E73C005FDB11 /* Frameworks */,
				62D140472115E73C005FDB11 /* Resources */,
			);
			buildRules = (
			);
			dependencies = (
				62D1404B2115E73C005FDB11 /* PBXTargetDependency */,
			);
			name = UdalostiTests;
			productName = UdalostiTests;
			productReference = 62D140492115E73C005FDB11 /* UdalostiTests.xctest */;
			productType = "com.apple.product-type.bundle.unit-test";
		};
		62D140532115E73C005FDB11 /* UdalostiUITests */ = {
			isa = PBXNativeTarget;
			buildConfigurationList = 62D140632115E73C005FDB11 /* Build configuration list for PBXNativeTarget "UdalostiUITests" */;
			buildPhases = (
				62D140502115E73C005FDB11 /* Sources */,
				62D140512115E73C005FDB11 /* Frameworks */,
				62D140522115E73C005FDB11 /* Resources */,
			);
			buildRules = (
			);
			dependencies = (
				62D140562115E73C005FDB11 /* PBXTargetDependency */,
			);
			name = UdalostiUITests;
			productName = UdalostiUITests;
			productReference = 62D140542115E73C005FDB11 /* UdalostiUITests.xctest */;
			productType = "com.apple.product-type.bundle.ui-testing";
		};
/* End PBXNativeTarget section */

/* Begin PBXProject section */
		62D1402D2115E73A005FDB11 /* Project object */ = {
			isa = PBXProject;
			attributes = {
				LastSwiftUpdateCheck = 0940;
				LastUpgradeCheck = 0940;
				ORGANIZATIONNAME = "Bence Mate";
				TargetAttributes = {
					62D140342115E73A005FDB11 = {
						CreatedOnToolsVersion = 9.4.1;
					};
					62D140482115E73C005FDB11 = {
						CreatedOnToolsVersion = 9.4.1;
						TestTargetID = 62D140342115E73A005FDB11;
					};
					62D140532115E73C005FDB11 = {
						CreatedOnToolsVersion = 9.4.1;
						TestTargetID = 62D140342115E73A005FDB11;
					};
				};
			};
			buildConfigurationList = 62D140302115E73A005FDB11 /* Build configuration list for PBXProject "Udalosti" */;
			compatibilityVersion = "Xcode 9.3";
			developmentRegion = en;
			hasScannedForEncodings = 0;
			knownRegions = (
				en,
				Base,
			);
			mainGroup = 62D1402C2115E73A005FDB11;
			productRefGroup = 62D140362115E73A005FDB11 /* Products */;
			projectDirPath = "";
			projectRoot = "";
			targets = (
				62D140342115E73A005FDB11 /* Udalosti */,
				62D140482115E73C005FDB11 /* UdalostiTests */,
				62D140532115E73C005FDB11 /* UdalostiUITests */,
			);
		};
/* End PBXProject section */

/* Begin PBXResourcesBuildPhase section */
		62D140332115E73A005FDB11 /* Resources */ = {
			isa = PBXResourcesBuildPhase;
			buildActionMask = 2147483647;
			files = (
				622DC2ED2117050E00CA5D2C /* Raleway-Thin.ttf in Resources */,
				62D140432115E73C005FDB11 /* LaunchScreen.storyboard in Resources */,
				622DC2E62117050E00CA5D2C /* Raleway-SemiBold.ttf in Resources */,
				622DC2E72117050E00CA5D2C /* Raleway-BlackItalic.ttf in Resources */,
				622DC2EE2117050E00CA5D2C /* Raleway-ExtraBoldItalic.ttf in Resources */,
				622DC2F22117050E00CA5D2C /* Raleway-SemiBoldItalic.ttf in Resources */,
				622DC2EA2117050E00CA5D2C /* Raleway-BoldItalic.ttf in Resources */,
				622DC2F32117050E00CA5D2C /* Raleway-Bold.ttf in Resources */,
				622DC2F02117050E00CA5D2C /* Raleway-ExtraBold.ttf in Resources */,
				622DC2E42117050E00CA5D2C /* Raleway-Medium.ttf in Resources */,
				622DC2E32117050E00CA5D2C /* Raleway-Regular.ttf in Resources */,
				622DC2E92117050E00CA5D2C /* Raleway-MediumItalic.ttf in Resources */,
				62D140402115E73C005FDB11 /* Assets.xcassets in Resources */,
				622DC2E82117050E00CA5D2C /* Raleway-Italic.ttf in Resources */,
				62D1403E2115E73A005FDB11 /* Udalosti.storyboard in Resources */,
				622DC2E22117050E00CA5D2C /* Raleway-Light.ttf in Resources */,
				622DC2EF2117050E00CA5D2C /* Raleway-LightItalic.ttf in Resources */,
				622DC2F12117050E00CA5D2C /* Raleway-ThinItalic.ttf in Resources */,
				622DC2E52117050E00CA5D2C /* Raleway-Black.ttf in Resources */,
				622DC2EC2117050E00CA5D2C /* Raleway-ExtraLightItalic.ttf in Resources */,
				622DC2EB2117050E00CA5D2C /* Raleway-ExtraLight.ttf in Resources */,
			);
			runOnlyForDeploymentPostprocessing = 0;
		};
		62D140472115E73C005FDB11 /* Resources */ = {
			isa = PBXResourcesBuildPhase;
			buildActionMask = 2147483647;
			files = (
			);
			runOnlyForDeploymentPostprocessing = 0;
		};
		62D140522115E73C005FDB11 /* Resources */ = {
			isa = PBXResourcesBuildPhase;
			buildActionMask = 2147483647;
			files = (
			);
			runOnlyForDeploymentPostprocessing = 0;
		};
/* End PBXResourcesBuildPhase section */

/* Begin PBXShellScriptBuildPhase section */
		6AB1C5BA0F4B5D71F01340E8 /* [CP] Check Pods Manifest.lock */ = {
			isa = PBXShellScriptBuildPhase;
			buildActionMask = 2147483647;
			files = (
			);
			inputPaths = (
				"${PODS_PODFILE_DIR_PATH}/Podfile.lock",
				"${PODS_ROOT}/Manifest.lock",
			);
			name = "[CP] Check Pods Manifest.lock";
			outputPaths = (
				"$(DERIVED_FILE_DIR)/Pods-Udalosti-checkManifestLockResult.txt",
			);
			runOnlyForDeploymentPostprocessing = 0;
			shellPath = /bin/sh;
			shellScript = "diff \"${PODS_PODFILE_DIR_PATH}/Podfile.lock\" \"${PODS_ROOT}/Manifest.lock\" > /dev/null\nif [ $? != 0 ] ; then\n    # print error to STDERR\n    echo \"error: The sandbox is not in sync with the Podfile.lock. Run 'pod install' or update your CocoaPods installation.\" >&2\n    exit 1\nfi\n# This output is used by Xcode 'outputs' to avoid re-running this script phase.\necho \"SUCCESS\" > \"${SCRIPT_OUTPUT_FILE_0}\"\n";
			showEnvVarsInLog = 0;
		};
		774D4CEC8293C75D6B92956C /* [CP] Embed Pods Frameworks */ = {
			isa = PBXShellScriptBuildPhase;
			buildActionMask = 2147483647;
			files = (
			);
			inputPaths = (
				"${SRCROOT}/Pods/Target Support Files/Pods-Udalosti/Pods-Udalosti-frameworks.sh",
				"${BUILT_PRODUCTS_DIR}/Alamofire/Alamofire.framework",
				"${BUILT_PRODUCTS_DIR}/AlamofireImage/AlamofireImage.framework",
				"${BUILT_PRODUCTS_DIR}/paper-onboarding/paper_onboarding.framework",
			);
			name = "[CP] Embed Pods Frameworks";
			outputPaths = (
				"${TARGET_BUILD_DIR}/${FRAMEWORKS_FOLDER_PATH}/Alamofire.framework",
				"${TARGET_BUILD_DIR}/${FRAMEWORKS_FOLDER_PATH}/AlamofireImage.framework",
				"${TARGET_BUILD_DIR}/${FRAMEWORKS_FOLDER_PATH}/paper_onboarding.framework",
			);
			runOnlyForDeploymentPostprocessing = 0;
			shellPath = /bin/sh;
			shellScript = "\"${SRCROOT}/Pods/Target Support Files/Pods-Udalosti/Pods-Udalosti-frameworks.sh\"\n";
			showEnvVarsInLog = 0;
		};
/* End PBXShellScriptBuildPhase section */

/* Begin PBXSourcesBuildPhase section */
		62D140312115E73A005FDB11 /* Sources */ = {
			isa = PBXSourcesBuildPhase;
			buildActionMask = 2147483647;
			files = (
				6262182B211B724800AA53F8 /* UdalostiUdaje.swift in Sources */,
				6262181C211B402000AA53F8 /* UvodnaObrazovkaImplementacia.swift in Sources */,
				62C670982119EA8800A4B4B7 /* SQLiteTabulka.swift in Sources */,
				62621829211B723D00AA53F8 /* UdalostiImplementacia.swift in Sources */,
				62D140392115E73A005FDB11 /* AppDelegate.swift in Sources */,
				62621825211B6F5C00AA53F8 /* TokenUdaje.swift in Sources */,
				622DC2FC2117291800CA5D2C /* Autentifikacia.swift in Sources */,
				622DC2FA211728A600CA5D2C /* Registracia.swift in Sources */,
				62D66A542118AD8C000D8050 /* KommunikaciaOdpoved.swift in Sources */,
				6262181E211B402C00AA53F8 /* UvodnaObrazovkaUdaje.swift in Sources */,
				62D66A5B2118D142000D8050 /* KommunikaciaData.swift in Sources */,
				62621827211B6F7900AA53F8 /* TokenImplementacia.swift in Sources */,
				62D66A502118A989000D8050 /* AutentifikaciaImplementacia.swift in Sources */,
				62D66A562118B36B000D8050 /* Nastavenia.swift in Sources */,
				62C670942119C48F00A4B4B7 /* RychlaUkazkaAplikacie.swift in Sources */,
				622DC2F82117289900CA5D2C /* Prihlasenie.swift in Sources */,
				62D66A612118E13C000D8050 /* Pripojenie.swift in Sources */,
				62D66A522118A994000D8050 /* AutentifikaciaUdaje.swift in Sources */,
				62621818211B004400AA53F8 /* UvodnaObrazovka.swift in Sources */,
				62C670962119E87C00A4B4B7 /* SQLiteDatabaza.swift in Sources */,
				62621815211AFA5200AA53F8 /* ZoznamUdalosti.swift in Sources */,
				62C670922119C0E700A4B4B7 /* OnboardingView.swift in Sources */,
			);
			runOnlyForDeploymentPostprocessing = 0;
		};
		62D140452115E73C005FDB11 /* Sources */ = {
			isa = PBXSourcesBuildPhase;
			buildActionMask = 2147483647;
			files = (
				62D1404E2115E73C005FDB11 /* UdalostiTests.swift in Sources */,
			);
			runOnlyForDeploymentPostprocessing = 0;
		};
		62D140502115E73C005FDB11 /* Sources */ = {
			isa = PBXSourcesBuildPhase;
			buildActionMask = 2147483647;
			files = (
				62D140592115E73C005FDB11 /* UdalostiUITests.swift in Sources */,
			);
			runOnlyForDeploymentPostprocessing = 0;
		};
/* End PBXSourcesBuildPhase section */

/* Begin PBXTargetDependency section */
		62D1404B2115E73C005FDB11 /* PBXTargetDependency */ = {
			isa = PBXTargetDependency;
			target = 62D140342115E73A005FDB11 /* Udalosti */;
			targetProxy = 62D1404A2115E73C005FDB11 /* PBXContainerItemProxy */;
		};
		62D140562115E73C005FDB11 /* PBXTargetDependency */ = {
			isa = PBXTargetDependency;
			target = 62D140342115E73A005FDB11 /* Udalosti */;
			targetProxy = 62D140552115E73C005FDB11 /* PBXContainerItemProxy */;
		};
/* End PBXTargetDependency section */

/* Begin PBXVariantGroup section */
		62D1403C2115E73A005FDB11 /* Udalosti.storyboard */ = {
			isa = PBXVariantGroup;
			children = (
				62D1403D2115E73A005FDB11 /* Base */,
			);
			name = Udalosti.storyboard;
			sourceTree = "<group>";
		};
		62D140412115E73C005FDB11 /* LaunchScreen.storyboard */ = {
			isa = PBXVariantGroup;
			children = (
				62D140422115E73C005FDB11 /* Base */,
			);
			name = LaunchScreen.storyboard;
			sourceTree = "<group>";
		};
/* End PBXVariantGroup section */

/* Begin XCBuildConfiguration section */
		62D1405B2115E73C005FDB11 /* Debug */ = {
			isa = XCBuildConfiguration;
			buildSettings = {
				ALWAYS_SEARCH_USER_PATHS = NO;
				CLANG_ANALYZER_NONNULL = YES;
				CLANG_ANALYZER_NUMBER_OBJECT_CONVERSION = YES_AGGRESSIVE;
				CLANG_CXX_LANGUAGE_STANDARD = "gnu++14";
				CLANG_CXX_LIBRARY = "libc++";
				CLANG_ENABLE_MODULES = YES;
				CLANG_ENABLE_OBJC_ARC = YES;
				CLANG_ENABLE_OBJC_WEAK = YES;
				CLANG_WARN_BLOCK_CAPTURE_AUTORELEASING = YES;
				CLANG_WARN_BOOL_CONVERSION = YES;
				CLANG_WARN_COMMA = YES;
				CLANG_WARN_CONSTANT_CONVERSION = YES;
				CLANG_WARN_DEPRECATED_OBJC_IMPLEMENTATIONS = YES;
				CLANG_WARN_DIRECT_OBJC_ISA_USAGE = YES_ERROR;
				CLANG_WARN_DOCUMENTATION_COMMENTS = YES;
				CLANG_WARN_EMPTY_BODY = YES;
				CLANG_WARN_ENUM_CONVERSION = YES;
				CLANG_WARN_INFINITE_RECURSION = YES;
				CLANG_WARN_INT_CONVERSION = YES;
				CLANG_WARN_NON_LITERAL_NULL_CONVERSION = YES;
				CLANG_WARN_OBJC_IMPLICIT_RETAIN_SELF = YES;
				CLANG_WARN_OBJC_LITERAL_CONVERSION = YES;
				CLANG_WARN_OBJC_ROOT_CLASS = YES_ERROR;
				CLANG_WARN_RANGE_LOOP_ANALYSIS = YES;
				CLANG_WARN_STRICT_PROTOTYPES = YES;
				CLANG_WARN_SUSPICIOUS_MOVE = YES;
				CLANG_WARN_UNGUARDED_AVAILABILITY = YES_AGGRESSIVE;
				CLANG_WARN_UNREACHABLE_CODE = YES;
				CLANG_WARN__DUPLICATE_METHOD_MATCH = YES;
				CODE_SIGN_IDENTITY = "iPhone Developer";
				COPY_PHASE_STRIP = NO;
				DEBUG_INFORMATION_FORMAT = dwarf;
				ENABLE_STRICT_OBJC_MSGSEND = YES;
				ENABLE_TESTABILITY = YES;
				GCC_C_LANGUAGE_STANDARD = gnu11;
				GCC_DYNAMIC_NO_PIC = NO;
				GCC_NO_COMMON_BLOCKS = YES;
				GCC_OPTIMIZATION_LEVEL = 0;
				GCC_PREPROCESSOR_DEFINITIONS = (
					"DEBUG=1",
					"$(inherited)",
				);
				GCC_WARN_64_TO_32_BIT_CONVERSION = YES;
				GCC_WARN_ABOUT_RETURN_TYPE = YES_ERROR;
				GCC_WARN_UNDECLARED_SELECTOR = YES;
				GCC_WARN_UNINITIALIZED_AUTOS = YES_AGGRESSIVE;
				GCC_WARN_UNUSED_FUNCTION = YES;
				GCC_WARN_UNUSED_VARIABLE = YES;
				IPHONEOS_DEPLOYMENT_TARGET = 11.4;
				MTL_ENABLE_DEBUG_INFO = YES;
				ONLY_ACTIVE_ARCH = YES;
				SDKROOT = iphoneos;
				SWIFT_ACTIVE_COMPILATION_CONDITIONS = DEBUG;
				SWIFT_OPTIMIZATION_LEVEL = "-Onone";
			};
			name = Debug;
		};
		62D1405C2115E73C005FDB11 /* Release */ = {
			isa = XCBuildConfiguration;
			buildSettings = {
				ALWAYS_SEARCH_USER_PATHS = NO;
				CLANG_ANALYZER_NONNULL = YES;
				CLANG_ANALYZER_NUMBER_OBJECT_CONVERSION = YES_AGGRESSIVE;
				CLANG_CXX_LANGUAGE_STANDARD = "gnu++14";
				CLANG_CXX_LIBRARY = "libc++";
				CLANG_ENABLE_MODULES = YES;
				CLANG_ENABLE_OBJC_ARC = YES;
				CLANG_ENABLE_OBJC_WEAK = YES;
				CLANG_WARN_BLOCK_CAPTURE_AUTORELEASING = YES;
				CLANG_WARN_BOOL_CONVERSION = YES;
				CLANG_WARN_COMMA = YES;
				CLANG_WARN_CONSTANT_CONVERSION = YES;
				CLANG_WARN_DEPRECATED_OBJC_IMPLEMENTATIONS = YES;
				CLANG_WARN_DIRECT_OBJC_ISA_USAGE = YES_ERROR;
				CLANG_WARN_DOCUMENTATION_COMMENTS = YES;
				CLANG_WARN_EMPTY_BODY = YES;
				CLANG_WARN_ENUM_CONVERSION = YES;
				CLANG_WARN_INFINITE_RECURSION = YES;
				CLANG_WARN_INT_CONVERSION = YES;
				CLANG_WARN_NON_LITERAL_NULL_CONVERSION = YES;
				CLANG_WARN_OBJC_IMPLICIT_RETAIN_SELF = YES;
				CLANG_WARN_OBJC_LITERAL_CONVERSION = YES;
				CLANG_WARN_OBJC_ROOT_CLASS = YES_ERROR;
				CLANG_WARN_RANGE_LOOP_ANALYSIS = YES;
				CLANG_WARN_STRICT_PROTOTYPES = YES;
				CLANG_WARN_SUSPICIOUS_MOVE = YES;
				CLANG_WARN_UNGUARDED_AVAILABILITY = YES_AGGRESSIVE;
				CLANG_WARN_UNREACHABLE_CODE = YES;
				CLANG_WARN__DUPLICATE_METHOD_MATCH = YES;
				CODE_SIGN_IDENTITY = "iPhone Developer";
				COPY_PHASE_STRIP = NO;
				DEBUG_INFORMATION_FORMAT = "dwarf-with-dsym";
				ENABLE_NS_ASSERTIONS = NO;
				ENABLE_STRICT_OBJC_MSGSEND = YES;
				GCC_C_LANGUAGE_STANDARD = gnu11;
				GCC_NO_COMMON_BLOCKS = YES;
				GCC_WARN_64_TO_32_BIT_CONVERSION = YES;
				GCC_WARN_ABOUT_RETURN_TYPE = YES_ERROR;
				GCC_WARN_UNDECLARED_SELECTOR = YES;
				GCC_WARN_UNINITIALIZED_AUTOS = YES_AGGRESSIVE;
				GCC_WARN_UNUSED_FUNCTION = YES;
				GCC_WARN_UNUSED_VARIABLE = YES;
				IPHONEOS_DEPLOYMENT_TARGET = 11.4;
				MTL_ENABLE_DEBUG_INFO = NO;
				SDKROOT = iphoneos;
				SWIFT_COMPILATION_MODE = wholemodule;
				SWIFT_OPTIMIZATION_LEVEL = "-O";
				VALIDATE_PRODUCT = YES;
			};
			name = Release;
		};
		62D1405E2115E73C005FDB11 /* Debug */ = {
			isa = XCBuildConfiguration;
			baseConfigurationReference = 416385FA724AF0FEAB83F586 /* Pods-Udalosti.debug.xcconfig */;
			buildSettings = {
				ASSETCATALOG_COMPILER_APPICON_NAME = AppIcon;
				CODE_SIGN_STYLE = Automatic;
				INFOPLIST_FILE = Udalosti/Info.plist;
				LD_RUNPATH_SEARCH_PATHS = (
					"$(inherited)",
					"@executable_path/Frameworks",
				);
				PRODUCT_BUNDLE_IDENTIFIER = bence.mate.Udalosti;
				PRODUCT_NAME = "$(TARGET_NAME)";
				SWIFT_VERSION = 4.0;
				TARGETED_DEVICE_FAMILY = "1,2";
			};
			name = Debug;
		};
		62D1405F2115E73C005FDB11 /* Release */ = {
			isa = XCBuildConfiguration;
			baseConfigurationReference = 729B08D1D5D784632F486C3E /* Pods-Udalosti.release.xcconfig */;
			buildSettings = {
				ASSETCATALOG_COMPILER_APPICON_NAME = AppIcon;
				CODE_SIGN_STYLE = Automatic;
				INFOPLIST_FILE = Udalosti/Info.plist;
				LD_RUNPATH_SEARCH_PATHS = (
					"$(inherited)",
					"@executable_path/Frameworks",
				);
				PRODUCT_BUNDLE_IDENTIFIER = bence.mate.Udalosti;
				PRODUCT_NAME = "$(TARGET_NAME)";
				SWIFT_VERSION = 4.0;
				TARGETED_DEVICE_FAMILY = "1,2";
			};
			name = Release;
		};
		62D140612115E73C005FDB11 /* Debug */ = {
			isa = XCBuildConfiguration;
			buildSettings = {
				ALWAYS_EMBED_SWIFT_STANDARD_LIBRARIES = YES;
				BUNDLE_LOADER = "$(TEST_HOST)";
				CODE_SIGN_STYLE = Automatic;
				INFOPLIST_FILE = UdalostiTests/Info.plist;
				LD_RUNPATH_SEARCH_PATHS = (
					"$(inherited)",
					"@executable_path/Frameworks",
					"@loader_path/Frameworks",
				);
				PRODUCT_BUNDLE_IDENTIFIER = bence.mate.UdalostiTests;
				PRODUCT_NAME = "$(TARGET_NAME)";
				SWIFT_VERSION = 4.0;
				TARGETED_DEVICE_FAMILY = "1,2";
				TEST_HOST = "$(BUILT_PRODUCTS_DIR)/Udalosti.app/Udalosti";
			};
			name = Debug;
		};
		62D140622115E73C005FDB11 /* Release */ = {
			isa = XCBuildConfiguration;
			buildSettings = {
				ALWAYS_EMBED_SWIFT_STANDARD_LIBRARIES = YES;
				BUNDLE_LOADER = "$(TEST_HOST)";
				CODE_SIGN_STYLE = Automatic;
				INFOPLIST_FILE = UdalostiTests/Info.plist;
				LD_RUNPATH_SEARCH_PATHS = (
					"$(inherited)",
					"@executable_path/Frameworks",
					"@loader_path/Frameworks",
				);
				PRODUCT_BUNDLE_IDENTIFIER = bence.mate.UdalostiTests;
				PRODUCT_NAME = "$(TARGET_NAME)";
				SWIFT_VERSION = 4.0;
				TARGETED_DEVICE_FAMILY = "1,2";
				TEST_HOST = "$(BUILT_PRODUCTS_DIR)/Udalosti.app/Udalosti";
			};
			name = Release;
		};
		62D140642115E73C005FDB11 /* Debug */ = {
			isa = XCBuildConfiguration;
			buildSettings = {
				ALWAYS_EMBED_SWIFT_STANDARD_LIBRARIES = YES;
				CODE_SIGN_STYLE = Automatic;
				INFOPLIST_FILE = UdalostiUITests/Info.plist;
				LD_RUNPATH_SEARCH_PATHS = (
					"$(inherited)",
					"@executable_path/Frameworks",
					"@loader_path/Frameworks",
				);
				PRODUCT_BUNDLE_IDENTIFIER = bence.mate.UdalostiUITests;
				PRODUCT_NAME = "$(TARGET_NAME)";
				SWIFT_VERSION = 4.0;
				TARGETED_DEVICE_FAMILY = "1,2";
				TEST_TARGET_NAME = Udalosti;
			};
			name = Debug;
		};
		62D140652115E73C005FDB11 /* Release */ = {
			isa = XCBuildConfiguration;
			buildSettings = {
				ALWAYS_EMBED_SWIFT_STANDARD_LIBRARIES = YES;
				CODE_SIGN_STYLE = Automatic;
				INFOPLIST_FILE = UdalostiUITests/Info.plist;
				LD_RUNPATH_SEARCH_PATHS = (
					"$(inherited)",
					"@executable_path/Frameworks",
					"@loader_path/Frameworks",
				);
				PRODUCT_BUNDLE_IDENTIFIER = bence.mate.UdalostiUITests;
				PRODUCT_NAME = "$(TARGET_NAME)";
				SWIFT_VERSION = 4.0;
				TARGETED_DEVICE_FAMILY = "1,2";
				TEST_TARGET_NAME = Udalosti;
			};
			name = Release;
		};
/* End XCBuildConfiguration section */

/* Begin XCConfigurationList section */
		62D140302115E73A005FDB11 /* Build configuration list for PBXProject "Udalosti" */ = {
			isa = XCConfigurationList;
			buildConfigurations = (
				62D1405B2115E73C005FDB11 /* Debug */,
				62D1405C2115E73C005FDB11 /* Release */,
			);
			defaultConfigurationIsVisible = 0;
			defaultConfigurationName = Release;
		};
		62D1405D2115E73C005FDB11 /* Build configuration list for PBXNativeTarget "Udalosti" */ = {
			isa = XCConfigurationList;
			buildConfigurations = (
				62D1405E2115E73C005FDB11 /* Debug */,
				62D1405F2115E73C005FDB11 /* Release */,
			);
			defaultConfigurationIsVisible = 0;
			defaultConfigurationName = Release;
		};
		62D140602115E73C005FDB11 /* Build configuration list for PBXNativeTarget "UdalostiTests" */ = {
			isa = XCConfigurationList;
			buildConfigurations = (
				62D140612115E73C005FDB11 /* Debug */,
				62D140622115E73C005FDB11 /* Release */,
			);
			defaultConfigurationIsVisible = 0;
			defaultConfigurationName = Release;
		};
		62D140632115E73C005FDB11 /* Build configuration list for PBXNativeTarget "UdalostiUITests" */ = {
			isa = XCConfigurationList;
			buildConfigurations = (
				62D140642115E73C005FDB11 /* Debug */,
				62D140652115E73C005FDB11 /* Release */,
			);
			defaultConfigurationIsVisible = 0;
			defaultConfigurationName = Release;
		};
/* End XCConfigurationList section */
	};
	rootObject = 62D1402D2115E73A005FDB11 /* Project object */;
}
